{
  "name": "takeFive",
  "version": "1.0.0",
  "lockfileVersion": 1,
  "requires": true,
  "dependencies": {
    "easytimer.js": {
      "version": "4.3.0",
      "resolved": "https://registry.npmjs.org/easytimer.js/-/easytimer.js-4.3.0.tgz",
      "integrity": "sha512-nD+OSBzhgxjHa4BOKj57HUHIKhJ7YOu/4fh0yfwTmCLxbGz667lGDtlMlnrTlYDOJ1wm72PXy5R74BF+kA1KiQ=="
    }
  }
}
